
Microsoft Visual Studio Solution File, Format Version 12.00
# Visual Studio 2012
Project("{FAE04EC0-301F-11D3-BF4B-00C04F79EFBC}") = "IncidentInfrastructure", "IncidentInfrastructure\IncidentInfrastructure.csproj", "{428BE48C-9CB7-4A61-9523-B5F40403ECEE}"
EndProject
Global
	GlobalSection(SolutionConfigurationPlatforms) = preSolution
		Debug|Any CPU = Debug|Any CPU
		Release|Any CPU = Release|Any CPU
	EndGlobalSection
	GlobalSection(ProjectConfigurationPlatforms) = postSolution
		{428BE48C-9CB7-4A61-9523-B5F40403ECEE}.Debug|Any CPU.ActiveCfg = Debug|Any CPU
		{428BE48C-9CB7-4A61-9523-B5F40403ECEE}.Debug|Any CPU.Build.0 = Debug|Any CPU
		{428BE48C-9CB7-4A61-9523-B5F40403ECEE}.Release|Any CPU.ActiveCfg = Release|Any CPU
		{428BE48C-9CB7-4A61-9523-B5F40403ECEE}.Release|Any CPU.Build.0 = Release|Any CPU
	EndGlobalSection
	GlobalSection(SolutionProperties) = preSolution
		HideSolutionNode = FALSE
	EndGlobalSection
EndGlobal
